// !$*UTF8*$!
{
	archiveVersion = 1;
	classes = {
	};
	objectVersion = 46;
	objects = {

/* Begin PBXBuildFile section */
		4844A755B4496C17B82023C7 /* libPods-GpxTrack.a in Frameworks */ = {isa = PBXBuildFile; fileRef = 27E8CEF65CA3C610D63B728F /* libPods-GpxTrack.a */; };
		60C80855186A45DF7EC9E7DF /* libPods-GpxTrackTests.a in Frameworks */ = {isa = PBXBuildFile; fileRef = 312D6BA3C7AE8274532E80A2 /* libPods-GpxTrackTests.a */; };
		CA7F50161F58ABC0003CA162 /* main.m in Sources */ = {isa = PBXBuildFile; fileRef = CA7F50151F58ABC0003CA162 /* main.m */; };
		CA7F50191F58ABC0003CA162 /* AppDelegate.m in Sources */ = {isa = PBXBuildFile; fileRef = CA7F50181F58ABC0003CA162 /* AppDelegate.m */; };
		CA7F50211F58ABC0003CA162 /* Assets.xcassets in Resources */ = {isa = PBXBuildFile; fileRef = CA7F50201F58ABC0003CA162 /* Assets.xcassets */; };
		CA7F50241F58ABC0003CA162 /* LaunchScreen.storyboard in Resources */ = {isa = PBXBuildFile; fileRef = CA7F50221F58ABC0003CA162 /* LaunchScreen.storyboard */; };
		CA7F503B1F58B14D003CA162 /* AppDelegateTests.m in Sources */ = {isa = PBXBuildFile; fileRef = CA7F503A1F58B14D003CA162 /* AppDelegateTests.m */; };
		CA7F50441F58BBD8003CA162 /* MapGpxTrackViewController.m in Sources */ = {isa = PBXBuildFile; fileRef = CA7F50431F58BBD8003CA162 /* MapGpxTrackViewController.m */; };
		CA7F50461F58C8BC003CA162 /* Main.storyboard in Resources */ = {isa = PBXBuildFile; fileRef = CA7F50451F58C8BC003CA162 /* Main.storyboard */; };
/* End PBXBuildFile section */

/* Begin PBXContainerItemProxy section */
		CA7F502B1F58ABC0003CA162 /* PBXContainerItemProxy */ = {
			isa = PBXContainerItemProxy;
			containerPortal = CA7F50091F58ABC0003CA162 /* Project object */;
			proxyType = 1;
			remoteGlobalIDString = CA7F50101F58ABC0003CA162;
			remoteInfo = GpxTrack;
		};
/* End PBXContainerItemProxy section */

/* Begin PBXFileReference section */
		16E06A2EBD0EE18FECF2562D /* Pods-GpxTrack.debug.xcconfig */ = {isa = PBXFileReference; includeInIndex = 1; lastKnownFileType = text.xcconfig; name = "Pods-GpxTrack.debug.xcconfig"; path = "Pods/Target Support Files/Pods-GpxTrack/Pods-GpxTrack.debug.xcconfig"; sourceTree = "<group>"; };
		2345EF4F6DF2F4FD0F910E39 /* Pods-GpxTrackTests.release.xcconfig */ = {isa = PBXFileReference; includeInIndex = 1; lastKnownFileType = text.xcconfig; name = "Pods-GpxTrackTests.release.xcconfig"; path = "Pods/Target Support Files/Pods-GpxTrackTests/Pods-GpxTrackTests.release.xcconfig"; sourceTree = "<group>"; };
		2577F38CDA25466583FB979F /* Pods-GpxTrackTests.debug.xcconfig */ = {isa = PBXFileReference; includeInIndex = 1; lastKnownFileType = text.xcconfig; name = "Pods-GpxTrackTests.debug.xcconfig"; path = "Pods/Target Support Files/Pods-GpxTrackTests/Pods-GpxTrackTests.debug.xcconfig"; sourceTree = "<group>"; };
		27E8CEF65CA3C610D63B728F /* libPods-GpxTrack.a */ = {isa = PBXFileReference; explicitFileType = archive.ar; includeInIndex = 0; path = "libPods-GpxTrack.a"; sourceTree = BUILT_PRODUCTS_DIR; };
		312D6BA3C7AE8274532E80A2 /* libPods-GpxTrackTests.a */ = {isa = PBXFileReference; explicitFileType = archive.ar; includeInIndex = 0; path = "libPods-GpxTrackTests.a"; sourceTree = BUILT_PRODUCTS_DIR; };
		C4D712B0F49FAC4886C33B67 /* Pods-GpxTrack.release.xcconfig */ = {isa = PBXFileReference; includeInIndex = 1; lastKnownFileType = text.xcconfig; name = "Pods-GpxTrack.release.xcconfig"; path = "Pods/Target Support Files/Pods-GpxTrack/Pods-GpxTrack.release.xcconfig"; sourceTree = "<group>"; };
		CA7F50111F58ABC0003CA162 /* GpxTrack.app */ = {isa = PBXFileReference; explicitFileType = wrapper.application; includeInIndex = 0; path = GpxTrack.app; sourceTree = BUILT_PRODUCTS_DIR; };
		CA7F50151F58ABC0003CA162 /* main.m */ = {isa = PBXFileReference; lastKnownFileType = sourcecode.c.objc; path = main.m; sourceTree = "<group>"; };
		CA7F50171F58ABC0003CA162 /* AppDelegate.h */ = {isa = PBXFileReference; lastKnownFileType = sourcecode.c.h; path = AppDelegate.h; sourceTree = "<group>"; };
		CA7F50181F58ABC0003CA162 /* AppDelegate.m */ = {isa = PBXFileReference; lastKnownFileType = sourcecode.c.objc; path = AppDelegate.m; sourceTree = "<group>"; };
		CA7F50201F58ABC0003CA162 /* Assets.xcassets */ = {isa = PBXFileReference; lastKnownFileType = folder.assetcatalog; path = Assets.xcassets; sourceTree = "<group>"; };
		CA7F50231F58ABC0003CA162 /* Base */ = {isa = PBXFileReference; lastKnownFileType = file.storyboard; name = Base; path = Base.lproj/LaunchScreen.storyboard; sourceTree = "<group>"; };
		CA7F50251F58ABC0003CA162 /* Info.plist */ = {isa = PBXFileReference; lastKnownFileType = text.plist.xml; path = Info.plist; sourceTree = "<group>"; };
		CA7F502A1F58ABC0003CA162 /* GpxTrackTests.xctest */ = {isa = PBXFileReference; explicitFileType = wrapper.cfbundle; includeInIndex = 0; path = GpxTrackTests.xctest; sourceTree = BUILT_PRODUCTS_DIR; };
		CA7F50301F58ABC0003CA162 /* Info.plist */ = {isa = PBXFileReference; lastKnownFileType = text.plist.xml; path = Info.plist; sourceTree = "<group>"; };
		CA7F503A1F58B14D003CA162 /* AppDelegateTests.m */ = {isa = PBXFileReference; fileEncoding = 4; lastKnownFileType = sourcecode.c.objc; path = AppDelegateTests.m; sourceTree = "<group>"; };
		CA7F50421F58BBD8003CA162 /* MapGpxTrackViewController.h */ = {isa = PBXFileReference; fileEncoding = 4; lastKnownFileType = sourcecode.c.h; path = MapGpxTrackViewController.h; sourceTree = "<group>"; };
		CA7F50431F58BBD8003CA162 /* MapGpxTrackViewController.m */ = {isa = PBXFileReference; fileEncoding = 4; lastKnownFileType = sourcecode.c.objc; path = MapGpxTrackViewController.m; sourceTree = "<group>"; };
		CA7F50451F58C8BC003CA162 /* Main.storyboard */ = {isa = PBXFileReference; fileEncoding = 4; lastKnownFileType = file.storyboard; path = Main.storyboard; sourceTree = "<group>"; };
/* End PBXFileReference section */

/* Begin PBXFrameworksBuildPhase section */
		CA7F500E1F58ABC0003CA162 /* Frameworks */ = {
			isa = PBXFrameworksBuildPhase;
			buildActionMask = 2147483647;
			files = (
				4844A755B4496C17B82023C7 /* libPods-GpxTrack.a in Frameworks */,
			);
			runOnlyForDeploymentPostprocessing = 0;
		};
		CA7F50271F58ABC0003CA162 /* Frameworks */ = {
			isa = PBXFrameworksBuildPhase;
			buildActionMask = 2147483647;
			files = (
				60C80855186A45DF7EC9E7DF /* libPods-GpxTrackTests.a in Frameworks */,
			);
			runOnlyForDeploymentPostprocessing = 0;
		};
/* End PBXFrameworksBuildPhase section */

/* Begin PBXGroup section */
		270AFEA9492CFC6E219A94F9 /* Pods */ = {
			isa = PBXGroup;
			children = (
				16E06A2EBD0EE18FECF2562D /* Pods-GpxTrack.debug.xcconfig */,
				C4D712B0F49FAC4886C33B67 /* Pods-GpxTrack.release.xcconfig */,
				2577F38CDA25466583FB979F /* Pods-GpxTrackTests.debug.xcconfig */,
				2345EF4F6DF2F4FD0F910E39 /* Pods-GpxTrackTests.release.xcconfig */,
			);
			name = Pods;
			sourceTree = "<group>";
		};
		5A2E9DAB893EFD7B06688FA0 /* Frameworks */ = {
			isa = PBXGroup;
			children = (
				27E8CEF65CA3C610D63B728F /* libPods-GpxTrack.a */,
				312D6BA3C7AE8274532E80A2 /* libPods-GpxTrackTests.a */,
			);
			name = Frameworks;
			sourceTree = "<group>";
		};
		CA7F50081F58ABC0003CA162 = {
			isa = PBXGroup;
			children = (
				CA7F50131F58ABC0003CA162 /* GpxTrack */,
				CA7F502D1F58ABC0003CA162 /* GpxTrackTests */,
				CA7F50121F58ABC0003CA162 /* Products */,
				270AFEA9492CFC6E219A94F9 /* Pods */,
				5A2E9DAB893EFD7B06688FA0 /* Frameworks */,
			);
			sourceTree = "<group>";
		};
		CA7F50121F58ABC0003CA162 /* Products */ = {
			isa = PBXGroup;
			children = (
				CA7F50111F58ABC0003CA162 /* GpxTrack.app */,
				CA7F502A1F58ABC0003CA162 /* GpxTrackTests.xctest */,
			);
			name = Products;
			sourceTree = "<group>";
		};
		CA7F50131F58ABC0003CA162 /* GpxTrack */ = {
			isa = PBXGroup;
			children = (
				CA7F50171F58ABC0003CA162 /* AppDelegate.h */,
				CA7F50181F58ABC0003CA162 /* AppDelegate.m */,
				CA7F503D1F58B5D5003CA162 /* MapGpxTrack */,
				CA7F50141F58ABC0003CA162 /* Supporting Files */,
			);
			path = GpxTrack;
			sourceTree = "<group>";
		};
		CA7F50141F58ABC0003CA162 /* Supporting Files */ = {
			isa = PBXGroup;
			children = (
				CA7F50251F58ABC0003CA162 /* Info.plist */,
				CA7F50201F58ABC0003CA162 /* Assets.xcassets */,
				CA7F50221F58ABC0003CA162 /* LaunchScreen.storyboard */,
				CA7F50151F58ABC0003CA162 /* main.m */,
			);
			name = "Supporting Files";
			sourceTree = "<group>";
		};
		CA7F502D1F58ABC0003CA162 /* GpxTrackTests */ = {
			isa = PBXGroup;
			children = (
				CA7F50391F58B136003CA162 /* AppDelegateTests */,
				CA7F50301F58ABC0003CA162 /* Info.plist */,
			);
			path = GpxTrackTests;
			sourceTree = "<group>";
		};
		CA7F50391F58B136003CA162 /* AppDelegateTests */ = {
			isa = PBXGroup;
			children = (
				CA7F503A1F58B14D003CA162 /* AppDelegateTests.m */,
			);
			path = AppDelegateTests;
			sourceTree = "<group>";
		};
		CA7F503D1F58B5D5003CA162 /* MapGpxTrack */ = {
			isa = PBXGroup;
			children = (
				CA7F503E1F58BBB3003CA162 /* Model */,
				CA7F503F1F58BBB3003CA162 /* View */,
				CA7F50401F58BBB3003CA162 /* ViewController */,
				CA7F50411F58BBB3003CA162 /* ViewModel */,
			);
			path = MapGpxTrack;
			sourceTree = "<group>";
		};
		CA7F503E1F58BBB3003CA162 /* Model */ = {
			isa = PBXGroup;
			children = (
			);
			path = Model;
			sourceTree = "<group>";
		};
		CA7F503F1F58BBB3003CA162 /* View */ = {
			isa = PBXGroup;
			children = (
				CA7F50451F58C8BC003CA162 /* Main.storyboard */,
			);
			path = View;
			sourceTree = "<group>";
		};
		CA7F50401F58BBB3003CA162 /* ViewController */ = {
			isa = PBXGroup;
			children = (
				CA7F50421F58BBD8003CA162 /* MapGpxTrackViewController.h */,
				CA7F50431F58BBD8003CA162 /* MapGpxTrackViewController.m */,
			);
			path = ViewController;
			sourceTree = "<group>";
		};
		CA7F50411F58BBB3003CA162 /* ViewModel */ = {
			isa = PBXGroup;
			children = (
			);
			path = ViewModel;
			sourceTree = "<group>";
		};
/* End PBXGroup section */

/* Begin PBXNativeTarget section */
		CA7F50101F58ABC0003CA162 /* GpxTrack */ = {
			isa = PBXNativeTarget;
			buildConfigurationList = CA7F50331F58ABC0003CA162 /* Build configuration list for PBXNativeTarget "GpxTrack" */;
			buildPhases = (
				109E3210AF72895D0A8783A0 /* [CP] Check Pods Manifest.lock */,
				CA7F500D1F58ABC0003CA162 /* Sources */,
				CA7F500E1F58ABC0003CA162 /* Frameworks */,
				CA7F500F1F58ABC0003CA162 /* Resources */,
				012891B8F75F12F97224F59F /* [CP] Embed Pods Frameworks */,
				675D3AE0FD59D21053869B5D /* [CP] Copy Pods Resources */,
			);
			buildRules = (
			);
			dependencies = (
			);
			name = GpxTrack;
			productName = GpxTrack;
			productReference = CA7F50111F58ABC0003CA162 /* GpxTrack.app */;
			productType = "com.apple.product-type.application";
		};
		CA7F50291F58ABC0003CA162 /* GpxTrackTests */ = {
			isa = PBXNativeTarget;
			buildConfigurationList = CA7F50361F58ABC0003CA162 /* Build configuration list for PBXNativeTarget "GpxTrackTests" */;
			buildPhases = (
				51485D7F52D365837C701ED8 /* [CP] Check Pods Manifest.lock */,
				CA7F50261F58ABC0003CA162 /* Sources */,
				CA7F50271F58ABC0003CA162 /* Frameworks */,
				CA7F50281F58ABC0003CA162 /* Resources */,
				F06082691588ADCDFF7D2C81 /* [CP] Embed Pods Frameworks */,
				B52A1F9FB17ADEF4E70E2A7E /* [CP] Copy Pods Resources */,
			);
			buildRules = (
			);
			dependencies = (
				CA7F502C1F58ABC0003CA162 /* PBXTargetDependency */,
			);
			name = GpxTrackTests;
			productName = GpxTrackTests;
			productReference = CA7F502A1F58ABC0003CA162 /* GpxTrackTests.xctest */;
			productType = "com.apple.product-type.bundle.unit-test";
		};
/* End PBXNativeTarget section */

/* Begin PBXProject section */
		CA7F50091F58ABC0003CA162 /* Project object */ = {
			isa = PBXProject;
			attributes = {
				LastUpgradeCheck = 0830;
				ORGANIZATIONNAME = "Pawel Trojan";
				TargetAttributes = {
					CA7F50101F58ABC0003CA162 = {
						CreatedOnToolsVersion = 8.3.2;
						DevelopmentTeam = 588L4B3HF6;
						ProvisioningStyle = Automatic;
					};
					CA7F50291F58ABC0003CA162 = {
						CreatedOnToolsVersion = 8.3.2;
						DevelopmentTeam = 588L4B3HF6;
						ProvisioningStyle = Automatic;
						TestTargetID = CA7F50101F58ABC0003CA162;
					};
				};
			};
			buildConfigurationList = CA7F500C1F58ABC0003CA162 /* Build configuration list for PBXProject "GpxTrack" */;
			compatibilityVersion = "Xcode 3.2";
			developmentRegion = English;
			hasScannedForEncodings = 0;
			knownRegions = (
				en,
				Base,
			);
			mainGroup = CA7F50081F58ABC0003CA162;
			productRefGroup = CA7F50121F58ABC0003CA162 /* Products */;
			projectDirPath = "";
			projectRoot = "";
			targets = (
				CA7F50101F58ABC0003CA162 /* GpxTrack */,
				CA7F50291F58ABC0003CA162 /* GpxTrackTests */,
			);
		};
/* End PBXProject section */

/* Begin PBXResourcesBuildPhase section */
		CA7F500F1F58ABC0003CA162 /* Resources */ = {
			isa = PBXResourcesBuildPhase;
			buildActionMask = 2147483647;
			files = (
				CA7F50461F58C8BC003CA162 /* Main.storyboard in Resources */,
				CA7F50241F58ABC0003CA162 /* LaunchScreen.storyboard in Resources */,
				CA7F50211F58ABC0003CA162 /* Assets.xcassets in Resources */,
			);
			runOnlyForDeploymentPostprocessing = 0;
		};
		CA7F50281F58ABC0003CA162 /* Resources */ = {
			isa = PBXResourcesBuildPhase;
			buildActionMask = 2147483647;
			files = (
			);
			runOnlyForDeploymentPostprocessing = 0;
		};
/* End PBXResourcesBuildPhase section */

/* Begin PBXShellScriptBuildPhase section */
		012891B8F75F12F97224F59F /* [CP] Embed Pods Frameworks */ = {
			isa = PBXShellScriptBuildPhase;
			buildActionMask = 2147483647;
			files = (
			);
			inputPaths = (
			);
			name = "[CP] Embed Pods Frameworks";
			outputPaths = (
			);
			runOnlyForDeploymentPostprocessing = 0;
			shellPath = /bin/sh;
			shellScript = "\"${SRCROOT}/Pods/Target Support Files/Pods-GpxTrack/Pods-GpxTrack-frameworks.sh\"\n";
			showEnvVarsInLog = 0;
		};
		109E3210AF72895D0A8783A0 /* [CP] Check Pods Manifest.lock */ = {
			isa = PBXShellScriptBuildPhase;
			buildActionMask = 2147483647;
			files = (
			);
			inputPaths = (
			);
			name = "[CP] Check Pods Manifest.lock";
			outputPaths = (
			);
			runOnlyForDeploymentPostprocessing = 0;
			shellPath = /bin/sh;
			shellScript = "diff \"${PODS_PODFILE_DIR_PATH}/Podfile.lock\" \"${PODS_ROOT}/Manifest.lock\" > /dev/null\nif [ $? != 0 ] ; then\n    # print error to STDERR\n    echo \"error: The sandbox is not in sync with the Podfile.lock. Run 'pod install' or update your CocoaPods installation.\" >&2\n    exit 1\nfi\n";
			showEnvVarsInLog = 0;
		};
		51485D7F52D365837C701ED8 /* [CP] Check Pods Manifest.lock */ = {
			isa = PBXShellScriptBuildPhase;
			buildActionMask = 2147483647;
			files = (
			);
			inputPaths = (
			);
			name = "[CP] Check Pods Manifest.lock";
			outputPaths = (
			);
			runOnlyForDeploymentPostprocessing = 0;
			shellPath = /bin/sh;
			shellScript = "diff \"${PODS_PODFILE_DIR_PATH}/Podfile.lock\" \"${PODS_ROOT}/Manifest.lock\" > /dev/null\nif [ $? != 0 ] ; then\n    # print error to STDERR\n    echo \"error: The sandbox is not in sync with the Podfile.lock. Run 'pod install' or update your CocoaPods installation.\" >&2\n    exit 1\nfi\n";
			showEnvVarsInLog = 0;
		};
		675D3AE0FD59D21053869B5D /* [CP] Copy Pods Resources */ = {
			isa = PBXShellScriptBuildPhase;
			buildActionMask = 2147483647;
			files = (
			);
			inputPaths = (
			);
			name = "[CP] Copy Pods Resources";
			outputPaths = (
			);
			runOnlyForDeploymentPostprocessing = 0;
			shellPath = /bin/sh;
			shellScript = "\"${SRCROOT}/Pods/Target Support Files/Pods-GpxTrack/Pods-GpxTrack-resources.sh\"\n";
			showEnvVarsInLog = 0;
		};
		B52A1F9FB17ADEF4E70E2A7E /* [CP] Copy Pods Resources */ = {
			isa = PBXShellScriptBuildPhase;
			buildActionMask = 2147483647;
			files = (
			);
			inputPaths = (
			);
			name = "[CP] Copy Pods Resources";
			outputPaths = (
			);
			runOnlyForDeploymentPostprocessing = 0;
			shellPath = /bin/sh;
			shellScript = "\"${SRCROOT}/Pods/Target Support Files/Pods-GpxTrackTests/Pods-GpxTrackTests-resources.sh\"\n";
			showEnvVarsInLog = 0;
		};
		F06082691588ADCDFF7D2C81 /* [CP] Embed Pods Frameworks */ = {
			isa = PBXShellScriptBuildPhase;
			buildActionMask = 2147483647;
			files = (
			);
			inputPaths = (
			);
			name = "[CP] Embed Pods Frameworks";
			outputPaths = (
			);
			runOnlyForDeploymentPostprocessing = 0;
			shellPath = /bin/sh;
			shellScript = "\"${SRCROOT}/Pods/Target Support Files/Pods-GpxTrackTests/Pods-GpxTrackTests-frameworks.sh\"\n";
			showEnvVarsInLog = 0;
		};
/* End PBXShellScriptBuildPhase section */

/* Begin PBXSourcesBuildPhase section */
		CA7F500D1F58ABC0003CA162 /* Sources */ = {
			isa = PBXSourcesBuildPhase;
			buildActionMask = 2147483647;
			files = (
				CA7F50441F58BBD8003CA162 /* MapGpxTrackViewController.m in Sources */,
				CA7F50191F58ABC0003CA162 /* AppDelegate.m in Sources */,
				CA7F50161F58ABC0003CA162 /* main.m in Sources */,
			);
			runOnlyForDeploymentPostprocessing = 0;
		};
		CA7F50261F58ABC0003CA162 /* Sources */ = {
			isa = PBXSourcesBuildPhase;
			buildActionMask = 2147483647;
			files = (
				CA7F503B1F58B14D003CA162 /* AppDelegateTests.m in Sources */,
			);
			runOnlyForDeploymentPostprocessing = 0;
		};
/* End PBXSourcesBuildPhase section */

/* Begin PBXTargetDependency section */
		CA7F502C1F58ABC0003CA162 /* PBXTargetDependency */ = {
			isa = PBXTargetDependency;
			target = CA7F50101F58ABC0003CA162 /* GpxTrack */;
			targetProxy = CA7F502B1F58ABC0003CA162 /* PBXContainerItemProxy */;
		};
/* End PBXTargetDependency section */

/* Begin PBXVariantGroup section */
		CA7F50221F58ABC0003CA162 /* LaunchScreen.storyboard */ = {
			isa = PBXVariantGroup;
			children = (
				CA7F50231F58ABC0003CA162 /* Base */,
			);
			name = LaunchScreen.storyboard;
			sourceTree = "<group>";
		};
/* End PBXVariantGroup section */

/* Begin XCBuildConfiguration section */
		CA7F50311F58ABC0003CA162 /* Debug */ = {
			isa = XCBuildConfiguration;
			buildSettings = {
				ALWAYS_SEARCH_USER_PATHS = NO;
				CLANG_ANALYZER_NONNULL = YES;
				CLANG_ANALYZER_NUMBER_OBJECT_CONVERSION = YES_AGGRESSIVE;
				CLANG_CXX_LANGUAGE_STANDARD = "gnu++0x";
				CLANG_CXX_LIBRARY = "libc++";
				CLANG_ENABLE_MODULES = YES;
				CLANG_ENABLE_OBJC_ARC = YES;
				CLANG_WARN_BOOL_CONVERSION = YES;
				CLANG_WARN_CONSTANT_CONVERSION = YES;
				CLANG_WARN_DIRECT_OBJC_ISA_USAGE = YES_ERROR;
				CLANG_WARN_DOCUMENTATION_COMMENTS = YES;
				CLANG_WARN_EMPTY_BODY = YES;
				CLANG_WARN_ENUM_CONVERSION = YES;
				CLANG_WARN_INFINITE_RECURSION = YES;
				CLANG_WARN_INT_CONVERSION = YES;
				CLANG_WARN_OBJC_ROOT_CLASS = YES_ERROR;
				CLANG_WARN_SUSPICIOUS_MOVE = YES;
				CLANG_WARN_UNREACHABLE_CODE = YES;
				CLANG_WARN__DUPLICATE_METHOD_MATCH = YES;
				"CODE_SIGN_IDENTITY[sdk=iphoneos*]" = "iPhone Developer";
				COPY_PHASE_STRIP = NO;
				DEBUG_INFORMATION_FORMAT = dwarf;
				ENABLE_STRICT_OBJC_MSGSEND = YES;
				ENABLE_TESTABILITY = YES;
				GCC_C_LANGUAGE_STANDARD = gnu99;
				GCC_DYNAMIC_NO_PIC = NO;
				GCC_NO_COMMON_BLOCKS = YES;
				GCC_OPTIMIZATION_LEVEL = 0;
				GCC_PREPROCESSOR_DEFINITIONS = (
					"DEBUG=1",
					"$(inherited)",
				);
				GCC_WARN_64_TO_32_BIT_CONVERSION = YES;
				GCC_WARN_ABOUT_RETURN_TYPE = YES_ERROR;
				GCC_WARN_UNDECLARED_SELECTOR = YES;
				GCC_WARN_UNINITIALIZED_AUTOS = YES_AGGRESSIVE;
				GCC_WARN_UNUSED_FUNCTION = YES;
				GCC_WARN_UNUSED_VARIABLE = YES;
				IPHONEOS_DEPLOYMENT_TARGET = 10.3;
				MTL_ENABLE_DEBUG_INFO = YES;
				ONLY_ACTIVE_ARCH = YES;
				SDKROOT = iphoneos;
				TARGETED_DEVICE_FAMILY = "1,2";
			};
			name = Debug;
		};
		CA7F50321F58ABC0003CA162 /* Release */ = {
			isa = XCBuildConfiguration;
			buildSettings = {
				ALWAYS_SEARCH_USER_PATHS = NO;
				CLANG_ANALYZER_NONNULL = YES;
				CLANG_ANALYZER_NUMBER_OBJECT_CONVERSION = YES_AGGRESSIVE;
				CLANG_CXX_LANGUAGE_STANDARD = "gnu++0x";
				CLANG_CXX_LIBRARY = "libc++";
				CLANG_ENABLE_MODULES = YES;
				CLANG_ENABLE_OBJC_ARC = YES;
				CLANG_WARN_BOOL_CONVERSION = YES;
				CLANG_WARN_CONSTANT_CONVERSION = YES;
				CLANG_WARN_DIRECT_OBJC_ISA_USAGE = YES_ERROR;
				CLANG_WARN_DOCUMENTATION_COMMENTS = YES;
				CLANG_WARN_EMPTY_BODY = YES;
				CLANG_WARN_ENUM_CONVERSION = YES;
				CLANG_WARN_INFINITE_RECURSION = YES;
				CLANG_WARN_INT_CONVERSION = YES;
				CLANG_WARN_OBJC_ROOT_CLASS = YES_ERROR;
				CLANG_WARN_SUSPICIOUS_MOVE = YES;
				CLANG_WARN_UNREACHABLE_CODE = YES;
				CLANG_WARN__DUPLICATE_METHOD_MATCH = YES;
				"CODE_SIGN_IDENTITY[sdk=iphoneos*]" = "iPhone Developer";
				COPY_PHASE_STRIP = NO;
				DEBUG_INFORMATION_FORMAT = "dwarf-with-dsym";
				ENABLE_NS_ASSERTIONS = NO;
				ENABLE_STRICT_OBJC_MSGSEND = YES;
				GCC_C_LANGUAGE_STANDARD = gnu99;
				GCC_NO_COMMON_BLOCKS = YES;
				GCC_WARN_64_TO_32_BIT_CONVERSION = YES;
				GCC_WARN_ABOUT_RETURN_TYPE = YES_ERROR;
				GCC_WARN_UNDECLARED_SELECTOR = YES;
				GCC_WARN_UNINITIALIZED_AUTOS = YES_AGGRESSIVE;
				GCC_WARN_UNUSED_FUNCTION = YES;
				GCC_WARN_UNUSED_VARIABLE = YES;
				IPHONEOS_DEPLOYMENT_TARGET = 10.3;
				MTL_ENABLE_DEBUG_INFO = NO;
				SDKROOT = iphoneos;
				TARGETED_DEVICE_FAMILY = "1,2";
				VALIDATE_PRODUCT = YES;
			};
			name = Release;
		};
		CA7F50341F58ABC0003CA162 /* Debug */ = {
			isa = XCBuildConfiguration;
			baseConfigurationReference = 16E06A2EBD0EE18FECF2562D /* Pods-GpxTrack.debug.xcconfig */;
			buildSettings = {
				ASSETCATALOG_COMPILER_APPICON_NAME = AppIcon;
				DEVELOPMENT_TEAM = 588L4B3HF6;
				INFOPLIST_FILE = GpxTrack/Info.plist;
				LD_RUNPATH_SEARCH_PATHS = "$(inherited) @executable_path/Frameworks";
				PRODUCT_BUNDLE_IDENTIFIER = com.pawel.trojan.GpxTrack;
				PRODUCT_NAME = "$(TARGET_NAME)";
			};
			name = Debug;
		};
		CA7F50351F58ABC0003CA162 /* Release */ = {
			isa = XCBuildConfiguration;
			baseConfigurationReference = C4D712B0F49FAC4886C33B67 /* Pods-GpxTrack.release.xcconfig */;
			buildSettings = {
				ASSETCATALOG_COMPILER_APPICON_NAME = AppIcon;
				DEVELOPMENT_TEAM = 588L4B3HF6;
				INFOPLIST_FILE = GpxTrack/Info.plist;
				LD_RUNPATH_SEARCH_PATHS = "$(inherited) @executable_path/Frameworks";
				PRODUCT_BUNDLE_IDENTIFIER = com.pawel.trojan.GpxTrack;
				PRODUCT_NAME = "$(TARGET_NAME)";
			};
			name = Release;
		};
		CA7F50371F58ABC0003CA162 /* Debug */ = {
			isa = XCBuildConfiguration;
			baseConfigurationReference = 2577F38CDA25466583FB979F /* Pods-GpxTrackTests.debug.xcconfig */;
			buildSettings = {
				BUNDLE_LOADER = "$(TEST_HOST)";
				DEVELOPMENT_TEAM = 588L4B3HF6;
				INFOPLIST_FILE = GpxTrackTests/Info.plist;
				LD_RUNPATH_SEARCH_PATHS = "$(inherited) @executable_path/Frameworks @loader_path/Frameworks";
				PRODUCT_BUNDLE_IDENTIFIER = com.pawel.trojan.GpxTrackTests;
				PRODUCT_NAME = "$(TARGET_NAME)";
				TEST_HOST = "$(BUILT_PRODUCTS_DIR)/GpxTrack.app/GpxTrack";
			};
			name = Debug;
		};
		CA7F50381F58ABC0003CA162 /* Release */ = {
			isa = XCBuildConfiguration;
			baseConfigurationReference = 2345EF4F6DF2F4FD0F910E39 /* Pods-GpxTrackTests.release.xcconfig */;
			buildSettings = {
				BUNDLE_LOADER = "$(TEST_HOST)";
				DEVELOPMENT_TEAM = 588L4B3HF6;
				INFOPLIST_FILE = GpxTrackTests/Info.plist;
				LD_RUNPATH_SEARCH_PATHS = "$(inherited) @executable_path/Frameworks @loader_path/Frameworks";
				PRODUCT_BUNDLE_IDENTIFIER = com.pawel.trojan.GpxTrackTests;
				PRODUCT_NAME = "$(TARGET_NAME)";
				TEST_HOST = "$(BUILT_PRODUCTS_DIR)/GpxTrack.app/GpxTrack";
			};
			name = Release;
		};
/* End XCBuildConfiguration section */

/* Begin XCConfigurationList section */
		CA7F500C1F58ABC0003CA162 /* Build configuration list for PBXProject "GpxTrack" */ = {
			isa = XCConfigurationList;
			buildConfigurations = (
				CA7F50311F58ABC0003CA162 /* Debug */,
				CA7F50321F58ABC0003CA162 /* Release */,
			);
			defaultConfigurationIsVisible = 0;
			defaultConfigurationName = Release;
		};
		CA7F50331F58ABC0003CA162 /* Build configuration list for PBXNativeTarget "GpxTrack" */ = {
			isa = XCConfigurationList;
			buildConfigurations = (
				CA7F50341F58ABC0003CA162 /* Debug */,
				CA7F50351F58ABC0003CA162 /* Release */,
			);
			defaultConfigurationIsVisible = 0;
			defaultConfigurationName = Release;
		};
		CA7F50361F58ABC0003CA162 /* Build configuration list for PBXNativeTarget "GpxTrackTests" */ = {
			isa = XCConfigurationList;
			buildConfigurations = (
				CA7F50371F58ABC0003CA162 /* Debug */,
				CA7F50381F58ABC0003CA162 /* Release */,
			);
			defaultConfigurationIsVisible = 0;
			defaultConfigurationName = Release;
		};
/* End XCConfigurationList section */
	};
	rootObject = CA7F50091F58ABC0003CA162 /* Project object */;
}
